
Microsoft Visual Studio Solution File, Format Version 12.00
# Visual Studio Version 16
VisualStudioVersion = 16.0.30413.136
MinimumVisualStudioVersion = 10.0.40219.1
Project("{FAE04EC0-301F-11D3-BF4B-00C04F79EFBC}") = "ActividadUT3_2_Layout_11", "ActividadUT3_2_Layout_11\ActividadUT3_2_Layout_11.csproj", "{98444AFE-4FE1-494C-B2A1-AA7FCE2F6BD9}"
EndProject
Global
	GlobalSection(SolutionConfigurationPlatforms) = preSolution
		Debug|Any CPU = Debug|Any CPU
		Release|Any CPU = Release|Any CPU
	EndGlobalSection
	GlobalSection(ProjectConfigurationPlatforms) = postSolution
		{98444AFE-4FE1-494C-B2A1-AA7FCE2F6BD9}.Debug|Any CPU.ActiveCfg = Debug|Any CPU
		{98444AFE-4FE1-494C-B2A1-AA7FCE2F6BD9}.Debug|Any CPU.Build.0 = Debug|Any CPU
		{98444AFE-4FE1-494C-B2A1-AA7FCE2F6BD9}.Release|Any CPU.ActiveCfg = Release|Any CPU
		{98444AFE-4FE1-494C-B2A1-AA7FCE2F6BD9}.Release|Any CPU.Build.0 = Release|Any CPU
	EndGlobalSection
	GlobalSection(SolutionProperties) = preSolution
		HideSolutionNode = FALSE
	EndGlobalSection
	GlobalSection(ExtensibilityGlobals) = postSolution
		SolutionGuid = {00301B91-EA3C-41CC-BEA1-430D67EC707A}
	EndGlobalSection
EndGlobal
